// !$*UTF8*$!
{
	archiveVersion = 1;
	classes = {
	};
	objectVersion = 77;
	objects = {

/* Begin PBXBuildFile section */
		371DB7AA2D2C204D00F4E675 /* FirebaseAnalytics in Frameworks */ = {isa = PBXBuildFile; productRef = 371DB7A92D2C204D00F4E675 /* FirebaseAnalytics */; };
		371DB7AC2D2C204D00F4E675 /* FirebaseAnalyticsOnDeviceConversion in Frameworks */ = {isa = PBXBuildFile; productRef = 371DB7AB2D2C204D00F4E675 /* FirebaseAnalyticsOnDeviceConversion */; };
		371DB7AE2D2C204D00F4E675 /* FirebaseAnalyticsWithoutAdIdSupport in Frameworks */ = {isa = PBXBuildFile; productRef = 371DB7AD2D2C204D00F4E675 /* FirebaseAnalyticsWithoutAdIdSupport */; };
		371DB7B02D2C204D00F4E675 /* FirebaseCore in Frameworks */ = {isa = PBXBuildFile; productRef = 371DB7AF2D2C204D00F4E675 /* FirebaseCore */; };
		371DB7B22D2C204D00F4E675 /* FirebaseCrashlytics in Frameworks */ = {isa = PBXBuildFile; productRef = 371DB7B12D2C204D00F4E675 /* FirebaseCrashlytics */; };
		371DB7B42D2C204D00F4E675 /* FirebaseDatabase in Frameworks */ = {isa = PBXBuildFile; productRef = 371DB7B32D2C204D00F4E675 /* FirebaseDatabase */; };
		371DB7B62D2C204D00F4E675 /* FirebaseFirestore in Frameworks */ = {isa = PBXBuildFile; productRef = 371DB7B52D2C204D00F4E675 /* FirebaseFirestore */; };
		371DB7B82D2C204D00F4E675 /* FirebaseStorage in Frameworks */ = {isa = PBXBuildFile; productRef = 371DB7B72D2C204D00F4E675 /* FirebaseStorage */; };
/* End PBXBuildFile section */

/* Begin PBXContainerItemProxy section */
		6E8C1EF32D2BFEF0003A80F2 /* PBXContainerItemProxy */ = {
			isa = PBXContainerItemProxy;
			containerPortal = 6E8C1EDA2D2BFEEF003A80F2 /* Project object */;
			proxyType = 1;
			remoteGlobalIDString = 6E8C1EE12D2BFEEF003A80F2;
			remoteInfo = "Sourdough-bread-calculator";
		};
		6E8C1EFD2D2BFEF0003A80F2 /* PBXContainerItemProxy */ = {
			isa = PBXContainerItemProxy;
			containerPortal = 6E8C1EDA2D2BFEEF003A80F2 /* Project object */;
			proxyType = 1;
			remoteGlobalIDString = 6E8C1EE12D2BFEEF003A80F2;
			remoteInfo = "Sourdough-bread-calculator";
		};
/* End PBXContainerItemProxy section */

/* Begin PBXFileReference section */
		6E8C1EE22D2BFEEF003A80F2 /* Sourdough-bread-calculator.app */ = {isa = PBXFileReference; explicitFileType = wrapper.application; includeInIndex = 0; path = "Sourdough-bread-calculator.app"; sourceTree = BUILT_PRODUCTS_DIR; };
		6E8C1EF22D2BFEF0003A80F2 /* Sourdough-bread-calculatorTests.xctest */ = {isa = PBXFileReference; explicitFileType = wrapper.cfbundle; includeInIndex = 0; path = "Sourdough-bread-calculatorTests.xctest"; sourceTree = BUILT_PRODUCTS_DIR; };
		6E8C1EFC2D2BFEF0003A80F2 /* Sourdough-bread-calculatorUITests.xctest */ = {isa = PBXFileReference; explicitFileType = wrapper.cfbundle; includeInIndex = 0; path = "Sourdough-bread-calculatorUITests.xctest"; sourceTree = BUILT_PRODUCTS_DIR; };
/* End PBXFileReference section */

/* Begin PBXFileSystemSynchronizedRootGroup section */
		6E8C1EE42D2BFEEF003A80F2 /* Sourdough-bread-calculator */ = {
			isa = PBXFileSystemSynchronizedRootGroup;
			path = "Sourdough-bread-calculator";
			sourceTree = "<group>";
		};
		6E8C1EF52D2BFEF0003A80F2 /* Sourdough-bread-calculatorTests */ = {
			isa = PBXFileSystemSynchronizedRootGroup;
			path = "Sourdough-bread-calculatorTests";
			sourceTree = "<group>";
		};
		6E8C1EFF2D2BFEF0003A80F2 /* Sourdough-bread-calculatorUITests */ = {
			isa = PBXFileSystemSynchronizedRootGroup;
			path = "Sourdough-bread-calculatorUITests";
			sourceTree = "<group>";
		};
/* End PBXFileSystemSynchronizedRootGroup section */

/* Begin PBXFrameworksBuildPhase section */
		6E8C1EDF2D2BFEEF003A80F2 /* Frameworks */ = {
			isa = PBXFrameworksBuildPhase;
			buildActionMask = 2147483647;
			files = (
				371DB7B42D2C204D00F4E675 /* FirebaseDatabase in Frameworks */,
				371DB7AA2D2C204D00F4E675 /* FirebaseAnalytics in Frameworks */,
				371DB7AE2D2C204D00F4E675 /* FirebaseAnalyticsWithoutAdIdSupport in Frameworks */,
				371DB7B22D2C204D00F4E675 /* FirebaseCrashlytics in Frameworks */,
				371DB7B02D2C204D00F4E675 /* FirebaseCore in Frameworks */,
				371DB7B82D2C204D00F4E675 /* FirebaseStorage in Frameworks */,
				371DB7AC2D2C204D00F4E675 /* FirebaseAnalyticsOnDeviceConversion in Frameworks */,
				371DB7B62D2C204D00F4E675 /* FirebaseFirestore in Frameworks */,
			);
			runOnlyForDeploymentPostprocessing = 0;
		};
		6E8C1EEF2D2BFEF0003A80F2 /* Frameworks */ = {
			isa = PBXFrameworksBuildPhase;
			buildActionMask = 2147483647;
			files = (
			);
			runOnlyForDeploymentPostprocessing = 0;
		};
		6E8C1EF92D2BFEF0003A80F2 /* Frameworks */ = {
			isa = PBXFrameworksBuildPhase;
			buildActionMask = 2147483647;
			files = (
			);
			runOnlyForDeploymentPostprocessing = 0;
		};
/* End PBXFrameworksBuildPhase section */

/* Begin PBXGroup section */
		6E8C1ED92D2BFEEF003A80F2 = {
			isa = PBXGroup;
			children = (
				6E8C1EE42D2BFEEF003A80F2 /* Sourdough-bread-calculator */,
				6E8C1EF52D2BFEF0003A80F2 /* Sourdough-bread-calculatorTests */,
				6E8C1EFF2D2BFEF0003A80F2 /* Sourdough-bread-calculatorUITests */,
				6E8C1EE32D2BFEEF003A80F2 /* Products */,
			);
			sourceTree = "<group>";
		};
		6E8C1EE32D2BFEEF003A80F2 /* Products */ = {
			isa = PBXGroup;
			children = (
				6E8C1EE22D2BFEEF003A80F2 /* Sourdough-bread-calculator.app */,
				6E8C1EF22D2BFEF0003A80F2 /* Sourdough-bread-calculatorTests.xctest */,
				6E8C1EFC2D2BFEF0003A80F2 /* Sourdough-bread-calculatorUITests.xctest */,
			);
			name = Products;
			sourceTree = "<group>";
		};
/* End PBXGroup section */

/* Begin PBXNativeTarget section */
		6E8C1EE12D2BFEEF003A80F2 /* Sourdough-bread-calculator */ = {
			isa = PBXNativeTarget;
			buildConfigurationList = 6E8C1F062D2BFEF0003A80F2 /* Build configuration list for PBXNativeTarget "Sourdough-bread-calculator" */;
			buildPhases = (
				6E8C1EDE2D2BFEEF003A80F2 /* Sources */,
				6E8C1EDF2D2BFEEF003A80F2 /* Frameworks */,
				6E8C1EE02D2BFEEF003A80F2 /* Resources */,
			);
			buildRules = (
			);
			dependencies = (
			);
			fileSystemSynchronizedGroups = (
				6E8C1EE42D2BFEEF003A80F2 /* Sourdough-bread-calculator */,
			);
			name = "Sourdough-bread-calculator";
			packageProductDependencies = (
				371DB7A92D2C204D00F4E675 /* FirebaseAnalytics */,
				371DB7AB2D2C204D00F4E675 /* FirebaseAnalyticsOnDeviceConversion */,
				371DB7AD2D2C204D00F4E675 /* FirebaseAnalyticsWithoutAdIdSupport */,
				371DB7AF2D2C204D00F4E675 /* FirebaseCore */,
				371DB7B12D2C204D00F4E675 /* FirebaseCrashlytics */,
				371DB7B32D2C204D00F4E675 /* FirebaseDatabase */,
				371DB7B52D2C204D00F4E675 /* FirebaseFirestore */,
				371DB7B72D2C204D00F4E675 /* FirebaseStorage */,
			);
			productName = "Sourdough-bread-calculator";
			productReference = 6E8C1EE22D2BFEEF003A80F2 /* Sourdough-bread-calculator.app */;
			productType = "com.apple.product-type.application";
		};
		6E8C1EF12D2BFEF0003A80F2 /* Sourdough-bread-calculatorTests */ = {
			isa = PBXNativeTarget;
			buildConfigurationList = 6E8C1F092D2BFEF0003A80F2 /* Build configuration list for PBXNativeTarget "Sourdough-bread-calculatorTests" */;
			buildPhases = (
				6E8C1EEE2D2BFEF0003A80F2 /* Sources */,
				6E8C1EEF2D2BFEF0003A80F2 /* Frameworks */,
				6E8C1EF02D2BFEF0003A80F2 /* Resources */,
			);
			buildRules = (
			);
			dependencies = (
				6E8C1EF42D2BFEF0003A80F2 /* PBXTargetDependency */,
			);
			fileSystemSynchronizedGroups = (
				6E8C1EF52D2BFEF0003A80F2 /* Sourdough-bread-calculatorTests */,
			);
			name = "Sourdough-bread-calculatorTests";
			packageProductDependencies = (
			);
			productName = "Sourdough-bread-calculatorTests";
			productReference = 6E8C1EF22D2BFEF0003A80F2 /* Sourdough-bread-calculatorTests.xctest */;
			productType = "com.apple.product-type.bundle.unit-test";
		};
		6E8C1EFB2D2BFEF0003A80F2 /* Sourdough-bread-calculatorUITests */ = {
			isa = PBXNativeTarget;
			buildConfigurationList = 6E8C1F0C2D2BFEF0003A80F2 /* Build configuration list for PBXNativeTarget "Sourdough-bread-calculatorUITests" */;
			buildPhases = (
				6E8C1EF82D2BFEF0003A80F2 /* Sources */,
				6E8C1EF92D2BFEF0003A80F2 /* Frameworks */,
				6E8C1EFA2D2BFEF0003A80F2 /* Resources */,
			);
			buildRules = (
			);
			dependencies = (
				6E8C1EFE2D2BFEF0003A80F2 /* PBXTargetDependency */,
			);
			fileSystemSynchronizedGroups = (
				6E8C1EFF2D2BFEF0003A80F2 /* Sourdough-bread-calculatorUITests */,
			);
			name = "Sourdough-bread-calculatorUITests";
			packageProductDependencies = (
			);
			productName = "Sourdough-bread-calculatorUITests";
			productReference = 6E8C1EFC2D2BFEF0003A80F2 /* Sourdough-bread-calculatorUITests.xctest */;
			productType = "com.apple.product-type.bundle.ui-testing";
		};
/* End PBXNativeTarget section */

/* Begin PBXProject section */
		6E8C1EDA2D2BFEEF003A80F2 /* Project object */ = {
			isa = PBXProject;
			attributes = {
				BuildIndependentTargetsInParallel = 1;
				LastSwiftUpdateCheck = 1600;
				LastUpgradeCheck = 1600;
				TargetAttributes = {
					6E8C1EE12D2BFEEF003A80F2 = {
						CreatedOnToolsVersion = 16.0;
					};
					6E8C1EF12D2BFEF0003A80F2 = {
						CreatedOnToolsVersion = 16.0;
						TestTargetID = 6E8C1EE12D2BFEEF003A80F2;
					};
					6E8C1EFB2D2BFEF0003A80F2 = {
						CreatedOnToolsVersion = 16.0;
						TestTargetID = 6E8C1EE12D2BFEEF003A80F2;
					};
				};
			};
			buildConfigurationList = 6E8C1EDD2D2BFEEF003A80F2 /* Build configuration list for PBXProject "Sourdough-bread-calculator" */;
			developmentRegion = en;
			hasScannedForEncodings = 0;
			knownRegions = (
				en,
				Base,
			);
			mainGroup = 6E8C1ED92D2BFEEF003A80F2;
			minimizedProjectReferenceProxies = 1;
			packageReferences = (
				371DB7A82D2C1DE000F4E675 /* XCRemoteSwiftPackageReference "firebase-ios-sdk" */,
			);
			preferredProjectObjectVersion = 77;
			productRefGroup = 6E8C1EE32D2BFEEF003A80F2 /* Products */;
			projectDirPath = "";
			projectRoot = "";
			targets = (
				6E8C1EE12D2BFEEF003A80F2 /* Sourdough-bread-calculator */,
				6E8C1EF12D2BFEF0003A80F2 /* Sourdough-bread-calculatorTests */,
				6E8C1EFB2D2BFEF0003A80F2 /* Sourdough-bread-calculatorUITests */,
			);
		};
/* End PBXProject section */

/* Begin PBXResourcesBuildPhase section */
		6E8C1EE02D2BFEEF003A80F2 /* Resources */ = {
			isa = PBXResourcesBuildPhase;
			buildActionMask = 2147483647;
			files = (
			);
			runOnlyForDeploymentPostprocessing = 0;
		};
		6E8C1EF02D2BFEF0003A80F2 /* Resources */ = {
			isa = PBXResourcesBuildPhase;
			buildActionMask = 2147483647;
			files = (
			);
			runOnlyForDeploymentPostprocessing = 0;
		};
		6E8C1EFA2D2BFEF0003A80F2 /* Resources */ = {
			isa = PBXResourcesBuildPhase;
			buildActionMask = 2147483647;
			files = (
			);
			runOnlyForDeploymentPostprocessing = 0;
		};
/* End PBXResourcesBuildPhase section */

/* Begin PBXSourcesBuildPhase section */
		6E8C1EDE2D2BFEEF003A80F2 /* Sources */ = {
			isa = PBXSourcesBuildPhase;
			buildActionMask = 2147483647;
			files = (
			);
			runOnlyForDeploymentPostprocessing = 0;
		};
		6E8C1EEE2D2BFEF0003A80F2 /* Sources */ = {
			isa = PBXSourcesBuildPhase;
			buildActionMask = 2147483647;
			files = (
			);
			runOnlyForDeploymentPostprocessing = 0;
		};
		6E8C1EF82D2BFEF0003A80F2 /* Sources */ = {
			isa = PBXSourcesBuildPhase;
			buildActionMask = 2147483647;
			files = (
			);
			runOnlyForDeploymentPostprocessing = 0;
		};
/* End PBXSourcesBuildPhase section */

/* Begin PBXTargetDependency section */
		6E8C1EF42D2BFEF0003A80F2 /* PBXTargetDependency */ = {
			isa = PBXTargetDependency;
			target = 6E8C1EE12D2BFEEF003A80F2 /* Sourdough-bread-calculator */;
			targetProxy = 6E8C1EF32D2BFEF0003A80F2 /* PBXContainerItemProxy */;
		};
		6E8C1EFE2D2BFEF0003A80F2 /* PBXTargetDependency */ = {
			isa = PBXTargetDependency;
			target = 6E8C1EE12D2BFEEF003A80F2 /* Sourdough-bread-calculator */;
			targetProxy = 6E8C1EFD2D2BFEF0003A80F2 /* PBXContainerItemProxy */;
		};
/* End PBXTargetDependency section */

/* Begin XCBuildConfiguration section */
		6E8C1F042D2BFEF0003A80F2 /* Debug */ = {
			isa = XCBuildConfiguration;
			buildSettings = {
				ALWAYS_SEARCH_USER_PATHS = NO;
				ASSETCATALOG_COMPILER_GENERATE_SWIFT_ASSET_SYMBOL_EXTENSIONS = YES;
				CLANG_ANALYZER_NONNULL = YES;
				CLANG_ANALYZER_NUMBER_OBJECT_CONVERSION = YES_AGGRESSIVE;
				CLANG_CXX_LANGUAGE_STANDARD = "gnu++20";
				CLANG_ENABLE_MODULES = YES;
				CLANG_ENABLE_OBJC_ARC = YES;
				CLANG_ENABLE_OBJC_WEAK = YES;
				CLANG_WARN_BLOCK_CAPTURE_AUTORELEASING = YES;
				CLANG_WARN_BOOL_CONVERSION = YES;
				CLANG_WARN_COMMA = YES;
				CLANG_WARN_CONSTANT_CONVERSION = YES;
				CLANG_WARN_DEPRECATED_OBJC_IMPLEMENTATIONS = YES;
				CLANG_WARN_DIRECT_OBJC_ISA_USAGE = YES_ERROR;
				CLANG_WARN_DOCUMENTATION_COMMENTS = YES;
				CLANG_WARN_EMPTY_BODY = YES;
				CLANG_WARN_ENUM_CONVERSION = YES;
				CLANG_WARN_INFINITE_RECURSION = YES;
				CLANG_WARN_INT_CONVERSION = YES;
				CLANG_WARN_NON_LITERAL_NULL_CONVERSION = YES;
				CLANG_WARN_OBJC_IMPLICIT_RETAIN_SELF = YES;
				CLANG_WARN_OBJC_LITERAL_CONVERSION = YES;
				CLANG_WARN_OBJC_ROOT_CLASS = YES_ERROR;
				CLANG_WARN_QUOTED_INCLUDE_IN_FRAMEWORK_HEADER = YES;
				CLANG_WARN_RANGE_LOOP_ANALYSIS = YES;
				CLANG_WARN_STRICT_PROTOTYPES = YES;
				CLANG_WARN_SUSPICIOUS_MOVE = YES;
				CLANG_WARN_UNGUARDED_AVAILABILITY = YES_AGGRESSIVE;
				CLANG_WARN_UNREACHABLE_CODE = YES;
				CLANG_WARN__DUPLICATE_METHOD_MATCH = YES;
				COPY_PHASE_STRIP = NO;
				DEBUG_INFORMATION_FORMAT = dwarf;
				ENABLE_STRICT_OBJC_MSGSEND = YES;
				ENABLE_TESTABILITY = YES;
				ENABLE_USER_SCRIPT_SANDBOXING = YES;
				GCC_C_LANGUAGE_STANDARD = gnu17;
				GCC_DYNAMIC_NO_PIC = NO;
				GCC_NO_COMMON_BLOCKS = YES;
				GCC_OPTIMIZATION_LEVEL = 0;
				GCC_PREPROCESSOR_DEFINITIONS = (
					"DEBUG=1",
					"$(inherited)",
				);
				GCC_WARN_64_TO_32_BIT_CONVERSION = YES;
				GCC_WARN_ABOUT_RETURN_TYPE = YES_ERROR;
				GCC_WARN_UNDECLARED_SELECTOR = YES;
				GCC_WARN_UNINITIALIZED_AUTOS = YES_AGGRESSIVE;
				GCC_WARN_UNUSED_FUNCTION = YES;
				GCC_WARN_UNUSED_VARIABLE = YES;
				IPHONEOS_DEPLOYMENT_TARGET = 18.0;
				LOCALIZATION_PREFERS_STRING_CATALOGS = YES;
				MTL_ENABLE_DEBUG_INFO = INCLUDE_SOURCE;
				MTL_FAST_MATH = YES;
				ONLY_ACTIVE_ARCH = YES;
				SDKROOT = iphoneos;
				SWIFT_ACTIVE_COMPILATION_CONDITIONS = "DEBUG $(inherited)";
				SWIFT_OPTIMIZATION_LEVEL = "-Onone";
			};
			name = Debug;
		};
		6E8C1F052D2BFEF0003A80F2 /* Release */ = {
			isa = XCBuildConfiguration;
			buildSettings = {
				ALWAYS_SEARCH_USER_PATHS = NO;
				ASSETCATALOG_COMPILER_GENERATE_SWIFT_ASSET_SYMBOL_EXTENSIONS = YES;
				CLANG_ANALYZER_NONNULL = YES;
				CLANG_ANALYZER_NUMBER_OBJECT_CONVERSION = YES_AGGRESSIVE;
				CLANG_CXX_LANGUAGE_STANDARD = "gnu++20";
				CLANG_ENABLE_MODULES = YES;
				CLANG_ENABLE_OBJC_ARC = YES;
				CLANG_ENABLE_OBJC_WEAK = YES;
				CLANG_WARN_BLOCK_CAPTURE_AUTORELEASING = YES;
				CLANG_WARN_BOOL_CONVERSION = YES;
				CLANG_WARN_COMMA = YES;
				CLANG_WARN_CONSTANT_CONVERSION = YES;
				CLANG_WARN_DEPRECATED_OBJC_IMPLEMENTATIONS = YES;
				CLANG_WARN_DIRECT_OBJC_ISA_USAGE = YES_ERROR;
				CLANG_WARN_DOCUMENTATION_COMMENTS = YES;
				CLANG_WARN_EMPTY_BODY = YES;
				CLANG_WARN_ENUM_CONVERSION = YES;
				CLANG_WARN_INFINITE_RECURSION = YES;
				CLANG_WARN_INT_CONVERSION = YES;
				CLANG_WARN_NON_LITERAL_NULL_CONVERSION = YES;
				CLANG_WARN_OBJC_IMPLICIT_RETAIN_SELF = YES;
				CLANG_WARN_OBJC_LITERAL_CONVERSION = YES;
				CLANG_WARN_OBJC_ROOT_CLASS = YES_ERROR;
				CLANG_WARN_QUOTED_INCLUDE_IN_FRAMEWORK_HEADER = YES;
				CLANG_WARN_RANGE_LOOP_ANALYSIS = YES;
				CLANG_WARN_STRICT_PROTOTYPES = YES;
				CLANG_WARN_SUSPICIOUS_MOVE = YES;
				CLANG_WARN_UNGUARDED_AVAILABILITY = YES_AGGRESSIVE;
				CLANG_WARN_UNREACHABLE_CODE = YES;
				CLANG_WARN__DUPLICATE_METHOD_MATCH = YES;
				COPY_PHASE_STRIP = NO;
				DEBUG_INFORMATION_FORMAT = "dwarf-with-dsym";
				ENABLE_NS_ASSERTIONS = NO;
				ENABLE_STRICT_OBJC_MSGSEND = YES;
				ENABLE_USER_SCRIPT_SANDBOXING = YES;
				GCC_C_LANGUAGE_STANDARD = gnu17;
				GCC_NO_COMMON_BLOCKS = YES;
				GCC_WARN_64_TO_32_BIT_CONVERSION = YES;
				GCC_WARN_ABOUT_RETURN_TYPE = YES_ERROR;
				GCC_WARN_UNDECLARED_SELECTOR = YES;
				GCC_WARN_UNINITIALIZED_AUTOS = YES_AGGRESSIVE;
				GCC_WARN_UNUSED_FUNCTION = YES;
				GCC_WARN_UNUSED_VARIABLE = YES;
				IPHONEOS_DEPLOYMENT_TARGET = 18.0;
				LOCALIZATION_PREFERS_STRING_CATALOGS = YES;
				MTL_ENABLE_DEBUG_INFO = NO;
				MTL_FAST_MATH = YES;
				SDKROOT = iphoneos;
				SWIFT_COMPILATION_MODE = wholemodule;
				VALIDATE_PRODUCT = YES;
			};
			name = Release;
		};
		6E8C1F072D2BFEF0003A80F2 /* Debug */ = {
			isa = XCBuildConfiguration;
			buildSettings = {
				ASSETCATALOG_COMPILER_APPICON_NAME = AppIcon;
				ASSETCATALOG_COMPILER_GLOBAL_ACCENT_COLOR_NAME = AccentColor;
				CODE_SIGN_STYLE = Automatic;
				CURRENT_PROJECT_VERSION = 1;
				DEVELOPMENT_ASSET_PATHS = "\"Sourdough-bread-calculator/Preview Content\"";
				DEVELOPMENT_TEAM = U4T5XKDGX8;
				ENABLE_PREVIEWS = YES;
				GENERATE_INFOPLIST_FILE = YES;
				INFOPLIST_KEY_UIApplicationSceneManifest_Generation = YES;
				INFOPLIST_KEY_UIApplicationSupportsIndirectInputEvents = YES;
				INFOPLIST_KEY_UILaunchScreen_Generation = YES;
				INFOPLIST_KEY_UISupportedInterfaceOrientations_iPad = "UIInterfaceOrientationPortrait UIInterfaceOrientationPortraitUpsideDown UIInterfaceOrientationLandscapeLeft UIInterfaceOrientationLandscapeRight";
				INFOPLIST_KEY_UISupportedInterfaceOrientations_iPhone = "UIInterfaceOrientationPortrait UIInterfaceOrientationLandscapeLeft UIInterfaceOrientationLandscapeRight";
				LD_RUNPATH_SEARCH_PATHS = (
					"$(inherited)",
					"@executable_path/Frameworks",
				);
				MARKETING_VERSION = 1.0;
				PRODUCT_BUNDLE_IDENTIFIER = "PabloCigoy.Sourdough-bread-calculator";
				PRODUCT_NAME = "$(TARGET_NAME)";
				SWIFT_EMIT_LOC_STRINGS = YES;
				SWIFT_VERSION = 5.0;
				TARGETED_DEVICE_FAMILY = "1,2";
			};
			name = Debug;
		};
		6E8C1F082D2BFEF0003A80F2 /* Release */ = {
			isa = XCBuildConfiguration;
			buildSettings = {
				ASSETCATALOG_COMPILER_APPICON_NAME = AppIcon;
				ASSETCATALOG_COMPILER_GLOBAL_ACCENT_COLOR_NAME = AccentColor;
				CODE_SIGN_STYLE = Automatic;
				CURRENT_PROJECT_VERSION = 1;
				DEVELOPMENT_ASSET_PATHS = "\"Sourdough-bread-calculator/Preview Content\"";
				DEVELOPMENT_TEAM = U4T5XKDGX8;
				ENABLE_PREVIEWS = YES;
				GENERATE_INFOPLIST_FILE = YES;
				INFOPLIST_KEY_UIApplicationSceneManifest_Generation = YES;
				INFOPLIST_KEY_UIApplicationSupportsIndirectInputEvents = YES;
				INFOPLIST_KEY_UILaunchScreen_Generation = YES;
				INFOPLIST_KEY_UISupportedInterfaceOrientations_iPad = "UIInterfaceOrientationPortrait UIInterfaceOrientationPortraitUpsideDown UIInterfaceOrientationLandscapeLeft UIInterfaceOrientationLandscapeRight";
				INFOPLIST_KEY_UISupportedInterfaceOrientations_iPhone = "UIInterfaceOrientationPortrait UIInterfaceOrientationLandscapeLeft UIInterfaceOrientationLandscapeRight";
				LD_RUNPATH_SEARCH_PATHS = (
					"$(inherited)",
					"@executable_path/Frameworks",
				);
				MARKETING_VERSION = 1.0;
				PRODUCT_BUNDLE_IDENTIFIER = "PabloCigoy.Sourdough-bread-calculator";
				PRODUCT_NAME = "$(TARGET_NAME)";
				SWIFT_EMIT_LOC_STRINGS = YES;
				SWIFT_VERSION = 5.0;
				TARGETED_DEVICE_FAMILY = "1,2";
			};
			name = Release;
		};
		6E8C1F0A2D2BFEF0003A80F2 /* Debug */ = {
			isa = XCBuildConfiguration;
			buildSettings = {
				BUNDLE_LOADER = "$(TEST_HOST)";
				CODE_SIGN_STYLE = Automatic;
				CURRENT_PROJECT_VERSION = 1;
				DEVELOPMENT_TEAM = U4T5XKDGX8;
				GENERATE_INFOPLIST_FILE = YES;
				IPHONEOS_DEPLOYMENT_TARGET = 18.0;
				MARKETING_VERSION = 1.0;
				PRODUCT_BUNDLE_IDENTIFIER = "PabloCigoy.Sourdough-bread-calculatorTests";
				PRODUCT_NAME = "$(TARGET_NAME)";
				SWIFT_EMIT_LOC_STRINGS = NO;
				SWIFT_VERSION = 5.0;
				TARGETED_DEVICE_FAMILY = "1,2";
				TEST_HOST = "$(BUILT_PRODUCTS_DIR)/Sourdough-bread-calculator.app/$(BUNDLE_EXECUTABLE_FOLDER_PATH)/Sourdough-bread-calculator";
			};
			name = Debug;
		};
		6E8C1F0B2D2BFEF0003A80F2 /* Release */ = {
			isa = XCBuildConfiguration;
			buildSettings = {
				BUNDLE_LOADER = "$(TEST_HOST)";
				CODE_SIGN_STYLE = Automatic;
				CURRENT_PROJECT_VERSION = 1;
				DEVELOPMENT_TEAM = U4T5XKDGX8;
				GENERATE_INFOPLIST_FILE = YES;
				IPHONEOS_DEPLOYMENT_TARGET = 18.0;
				MARKETING_VERSION = 1.0;
				PRODUCT_BUNDLE_IDENTIFIER = "PabloCigoy.Sourdough-bread-calculatorTests";
				PRODUCT_NAME = "$(TARGET_NAME)";
				SWIFT_EMIT_LOC_STRINGS = NO;
				SWIFT_VERSION = 5.0;
				TARGETED_DEVICE_FAMILY = "1,2";
				TEST_HOST = "$(BUILT_PRODUCTS_DIR)/Sourdough-bread-calculator.app/$(BUNDLE_EXECUTABLE_FOLDER_PATH)/Sourdough-bread-calculator";
			};
			name = Release;
		};
		6E8C1F0D2D2BFEF0003A80F2 /* Debug */ = {
			isa = XCBuildConfiguration;
			buildSettings = {
				CODE_SIGN_STYLE = Automatic;
				CURRENT_PROJECT_VERSION = 1;
				DEVELOPMENT_TEAM = U4T5XKDGX8;
				GENERATE_INFOPLIST_FILE = YES;
				MARKETING_VERSION = 1.0;
				PRODUCT_BUNDLE_IDENTIFIER = "PabloCigoy.Sourdough-bread-calculatorUITests";
				PRODUCT_NAME = "$(TARGET_NAME)";
				SWIFT_EMIT_LOC_STRINGS = NO;
				SWIFT_VERSION = 5.0;
				TARGETED_DEVICE_FAMILY = "1,2";
				TEST_TARGET_NAME = "Sourdough-bread-calculator";
			};
			name = Debug;
		};
		6E8C1F0E2D2BFEF0003A80F2 /* Release */ = {
			isa = XCBuildConfiguration;
			buildSettings = {
				CODE_SIGN_STYLE = Automatic;
				CURRENT_PROJECT_VERSION = 1;
				DEVELOPMENT_TEAM = U4T5XKDGX8;
				GENERATE_INFOPLIST_FILE = YES;
				MARKETING_VERSION = 1.0;
				PRODUCT_BUNDLE_IDENTIFIER = "PabloCigoy.Sourdough-bread-calculatorUITests";
				PRODUCT_NAME = "$(TARGET_NAME)";
				SWIFT_EMIT_LOC_STRINGS = NO;
				SWIFT_VERSION = 5.0;
				TARGETED_DEVICE_FAMILY = "1,2";
				TEST_TARGET_NAME = "Sourdough-bread-calculator";
			};
			name = Release;
		};
/* End XCBuildConfiguration section */

/* Begin XCConfigurationList section */
		6E8C1EDD2D2BFEEF003A80F2 /* Build configuration list for PBXProject "Sourdough-bread-calculator" */ = {
			isa = XCConfigurationList;
			buildConfigurations = (
				6E8C1F042D2BFEF0003A80F2 /* Debug */,
				6E8C1F052D2BFEF0003A80F2 /* Release */,
			);
			defaultConfigurationIsVisible = 0;
			defaultConfigurationName = Release;
		};
		6E8C1F062D2BFEF0003A80F2 /* Build configuration list for PBXNativeTarget "Sourdough-bread-calculator" */ = {
			isa = XCConfigurationList;
			buildConfigurations = (
				6E8C1F072D2BFEF0003A80F2 /* Debug */,
				6E8C1F082D2BFEF0003A80F2 /* Release */,
			);
			defaultConfigurationIsVisible = 0;
			defaultConfigurationName = Release;
		};
		6E8C1F092D2BFEF0003A80F2 /* Build configuration list for PBXNativeTarget "Sourdough-bread-calculatorTests" */ = {
			isa = XCConfigurationList;
			buildConfigurations = (
				6E8C1F0A2D2BFEF0003A80F2 /* Debug */,
				6E8C1F0B2D2BFEF0003A80F2 /* Release */,
			);
			defaultConfigurationIsVisible = 0;
			defaultConfigurationName = Release;
		};
		6E8C1F0C2D2BFEF0003A80F2 /* Build configuration list for PBXNativeTarget "Sourdough-bread-calculatorUITests" */ = {
			isa = XCConfigurationList;
			buildConfigurations = (
				6E8C1F0D2D2BFEF0003A80F2 /* Debug */,
				6E8C1F0E2D2BFEF0003A80F2 /* Release */,
			);
			defaultConfigurationIsVisible = 0;
			defaultConfigurationName = Release;
		};
/* End XCConfigurationList section */

/* Begin XCRemoteSwiftPackageReference section */
		371DB7A82D2C1DE000F4E675 /* XCRemoteSwiftPackageReference "firebase-ios-sdk" */ = {
			isa = XCRemoteSwiftPackageReference;
			repositoryURL = "https://github.com/firebase/firebase-ios-sdk";
			requirement = {
				kind = upToNextMajorVersion;
				minimumVersion = 11.6.0;
			};
		};
/* End XCRemoteSwiftPackageReference section */

/* Begin XCSwiftPackageProductDependency section */
		371DB7A92D2C204D00F4E675 /* FirebaseAnalytics */ = {
			isa = XCSwiftPackageProductDependency;
			package = 371DB7A82D2C1DE000F4E675 /* XCRemoteSwiftPackageReference "firebase-ios-sdk" */;
			productName = FirebaseAnalytics;
		};
		371DB7AB2D2C204D00F4E675 /* FirebaseAnalyticsOnDeviceConversion */ = {
			isa = XCSwiftPackageProductDependency;
			package = 371DB7A82D2C1DE000F4E675 /* XCRemoteSwiftPackageReference "firebase-ios-sdk" */;
			productName = FirebaseAnalyticsOnDeviceConversion;
		};
		371DB7AD2D2C204D00F4E675 /* FirebaseAnalyticsWithoutAdIdSupport */ = {
			isa = XCSwiftPackageProductDependency;
			package = 371DB7A82D2C1DE000F4E675 /* XCRemoteSwiftPackageReference "firebase-ios-sdk" */;
			productName = FirebaseAnalyticsWithoutAdIdSupport;
		};
		371DB7AF2D2C204D00F4E675 /* FirebaseCore */ = {
			isa = XCSwiftPackageProductDependency;
			package = 371DB7A82D2C1DE000F4E675 /* XCRemoteSwiftPackageReference "firebase-ios-sdk" */;
			productName = FirebaseCore;
		};
		371DB7B12D2C204D00F4E675 /* FirebaseCrashlytics */ = {
			isa = XCSwiftPackageProductDependency;
			package = 371DB7A82D2C1DE000F4E675 /* XCRemoteSwiftPackageReference "firebase-ios-sdk" */;
			productName = FirebaseCrashlytics;
		};
		371DB7B32D2C204D00F4E675 /* FirebaseDatabase */ = {
			isa = XCSwiftPackageProductDependency;
			package = 371DB7A82D2C1DE000F4E675 /* XCRemoteSwiftPackageReference "firebase-ios-sdk" */;
			productName = FirebaseDatabase;
		};
		371DB7B52D2C204D00F4E675 /* FirebaseFirestore */ = {
			isa = XCSwiftPackageProductDependency;
			package = 371DB7A82D2C1DE000F4E675 /* XCRemoteSwiftPackageReference "firebase-ios-sdk" */;
			productName = FirebaseFirestore;
		};
		371DB7B72D2C204D00F4E675 /* FirebaseStorage */ = {
			isa = XCSwiftPackageProductDependency;
			package = 371DB7A82D2C1DE000F4E675 /* XCRemoteSwiftPackageReference "firebase-ios-sdk" */;
			productName = FirebaseStorage;
		};
/* End XCSwiftPackageProductDependency section */
	};
	rootObject = 6E8C1EDA2D2BFEEF003A80F2 /* Project object */;
}
